
Microsoft Visual Studio Solution File, Format Version 12.00
# Visual Studio 15
VisualStudioVersion = 15.0.27004.2005
MinimumVisualStudioVersion = 10.0.40219.1
Project("{8BC9CEB8-8B4A-11D0-8D11-00A0C91BC942}") = "Exam_6", "Exam_6\Exam_6.vcxproj", "{CC5AE641-FBE3-441A-8E3C-5DD4A3500474}"
EndProject
Global
	GlobalSection(SolutionConfigurationPlatforms) = preSolution
		Debug|x64 = Debug|x64
		Debug|x86 = Debug|x86
		Release|x64 = Release|x64
		Release|x86 = Release|x86
	EndGlobalSection
	GlobalSection(ProjectConfigurationPlatforms) = postSolution
		{CC5AE641-FBE3-441A-8E3C-5DD4A3500474}.Debug|x64.ActiveCfg = Debug|x64
		{CC5AE641-FBE3-441A-8E3C-5DD4A3500474}.Debug|x64.Build.0 = Debug|x64
		{CC5AE641-FBE3-441A-8E3C-5DD4A3500474}.Debug|x86.ActiveCfg = Debug|Win32
		{CC5AE641-FBE3-441A-8E3C-5DD4A3500474}.Debug|x86.Build.0 = Debug|Win32
		{CC5AE641-FBE3-441A-8E3C-5DD4A3500474}.Release|x64.ActiveCfg = Release|x64
		{CC5AE641-FBE3-441A-8E3C-5DD4A3500474}.Release|x64.Build.0 = Release|x64
		{CC5AE641-FBE3-441A-8E3C-5DD4A3500474}.Release|x86.ActiveCfg = Release|Win32
		{CC5AE641-FBE3-441A-8E3C-5DD4A3500474}.Release|x86.Build.0 = Release|Win32
	EndGlobalSection
	GlobalSection(SolutionProperties) = preSolution
		HideSolutionNode = FALSE
	EndGlobalSection
	GlobalSection(ExtensibilityGlobals) = postSolution
		SolutionGuid = {1D0B1F8A-1F91-4D2B-AA15-325D1AB70428}
	EndGlobalSection
EndGlobal
